// !$*UTF8*$!
{
	archiveVersion = 1;
	classes = {
	};
	objectVersion = 46;
	objects = {

/* Begin PBXBuildFile section */
		FC982D731EEA3E9800C1C806 /* main.m in Sources */ = {isa = PBXBuildFile; fileRef = FC982D721EEA3E9800C1C806 /* main.m */; };
		FC982D761EEA3E9800C1C806 /* AppDelegate.m in Sources */ = {isa = PBXBuildFile; fileRef = FC982D751EEA3E9800C1C806 /* AppDelegate.m */; };
		FC982D791EEA3E9800C1C806 /* ViewController.m in Sources */ = {isa = PBXBuildFile; fileRef = FC982D781EEA3E9800C1C806 /* ViewController.m */; };
		FC982D7C1EEA3E9800C1C806 /* Main.storyboard in Resources */ = {isa = PBXBuildFile; fileRef = FC982D7A1EEA3E9800C1C806 /* Main.storyboard */; };
		FC982D7E1EEA3E9800C1C806 /* Assets.xcassets in Resources */ = {isa = PBXBuildFile; fileRef = FC982D7D1EEA3E9800C1C806 /* Assets.xcassets */; };
		FC982D811EEA3E9800C1C806 /* LaunchScreen.storyboard in Resources */ = {isa = PBXBuildFile; fileRef = FC982D7F1EEA3E9800C1C806 /* LaunchScreen.storyboard */; };
		FC982D8A1EEA3EC700C1C806 /* JavaScriptCore.framework in Frameworks */ = {isa = PBXBuildFile; fileRef = FC982D891EEA3EC700C1C806 /* JavaScriptCore.framework */; };
		FC982D901EEA506400C1C806 /* JavaScriptCore.html in Resources */ = {isa = PBXBuildFile; fileRef = FC982D8F1EEA506400C1C806 /* JavaScriptCore.html */; };
		FC982D961EEA711E00C1C806 /* UIWebView+Interaction.m in Sources */ = {isa = PBXBuildFile; fileRef = FC982D951EEA711E00C1C806 /* UIWebView+Interaction.m */; };
		FC982D9F1EEAA7CA00C1C806 /* SecondViewController.m in Sources */ = {isa = PBXBuildFile; fileRef = FC982D9D1EEAA7CA00C1C806 /* SecondViewController.m */; };
		FC982DA21EEAA98600C1C806 /* WebKit.framework in Frameworks */ = {isa = PBXBuildFile; fileRef = FC982DA11EEAA98600C1C806 /* WebKit.framework */; };
		FC982DA41EEE385900C1C806 /* Webkit.html in Resources */ = {isa = PBXBuildFile; fileRef = FC982DA31EEE385900C1C806 /* Webkit.html */; };
		FC982DA71EEE71BD00C1C806 /* WKWebView+Interaction.m in Sources */ = {isa = PBXBuildFile; fileRef = FC982DA61EEE71BD00C1C806 /* WKWebView+Interaction.m */; };
/* End PBXBuildFile section */

/* Begin PBXFileReference section */
		FC982D6E1EEA3E9800C1C806 /* JSInteraction.app */ = {isa = PBXFileReference; explicitFileType = wrapper.application; includeInIndex = 0; path = JSInteraction.app; sourceTree = BUILT_PRODUCTS_DIR; };
		FC982D721EEA3E9800C1C806 /* main.m */ = {isa = PBXFileReference; lastKnownFileType = sourcecode.c.objc; path = main.m; sourceTree = "<group>"; };
		FC982D741EEA3E9800C1C806 /* AppDelegate.h */ = {isa = PBXFileReference; lastKnownFileType = sourcecode.c.h; path = AppDelegate.h; sourceTree = "<group>"; };
		FC982D751EEA3E9800C1C806 /* AppDelegate.m */ = {isa = PBXFileReference; lastKnownFileType = sourcecode.c.objc; path = AppDelegate.m; sourceTree = "<group>"; };
		FC982D771EEA3E9800C1C806 /* ViewController.h */ = {isa = PBXFileReference; lastKnownFileType = sourcecode.c.h; path = ViewController.h; sourceTree = "<group>"; };
		FC982D781EEA3E9800C1C806 /* ViewController.m */ = {isa = PBXFileReference; lastKnownFileType = sourcecode.c.objc; path = ViewController.m; sourceTree = "<group>"; };
		FC982D7B1EEA3E9800C1C806 /* Base */ = {isa = PBXFileReference; lastKnownFileType = file.storyboard; name = Base; path = Base.lproj/Main.storyboard; sourceTree = "<group>"; };
		FC982D7D1EEA3E9800C1C806 /* Assets.xcassets */ = {isa = PBXFileReference; lastKnownFileType = folder.assetcatalog; path = Assets.xcassets; sourceTree = "<group>"; };
		FC982D801EEA3E9800C1C806 /* Base */ = {isa = PBXFileReference; lastKnownFileType = file.storyboard; name = Base; path = Base.lproj/LaunchScreen.storyboard; sourceTree = "<group>"; };
		FC982D821EEA3E9800C1C806 /* Info.plist */ = {isa = PBXFileReference; lastKnownFileType = text.plist.xml; path = Info.plist; sourceTree = "<group>"; };
		FC982D891EEA3EC700C1C806 /* JavaScriptCore.framework */ = {isa = PBXFileReference; lastKnownFileType = wrapper.framework; name = JavaScriptCore.framework; path = System/Library/Frameworks/JavaScriptCore.framework; sourceTree = SDKROOT; };
		FC982D8F1EEA506400C1C806 /* JavaScriptCore.html */ = {isa = PBXFileReference; fileEncoding = 4; lastKnownFileType = text.html; path = JavaScriptCore.html; sourceTree = "<group>"; };
		FC982D941EEA711E00C1C806 /* UIWebView+Interaction.h */ = {isa = PBXFileReference; fileEncoding = 4; lastKnownFileType = sourcecode.c.h; path = "UIWebView+Interaction.h"; sourceTree = "<group>"; };
		FC982D951EEA711E00C1C806 /* UIWebView+Interaction.m */ = {isa = PBXFileReference; fileEncoding = 4; lastKnownFileType = sourcecode.c.objc; path = "UIWebView+Interaction.m"; sourceTree = "<group>"; };
		FC982D9C1EEAA7CA00C1C806 /* SecondViewController.h */ = {isa = PBXFileReference; fileEncoding = 4; lastKnownFileType = sourcecode.c.h; path = SecondViewController.h; sourceTree = "<group>"; };
		FC982D9D1EEAA7CA00C1C806 /* SecondViewController.m */ = {isa = PBXFileReference; fileEncoding = 4; lastKnownFileType = sourcecode.c.objc; path = SecondViewController.m; sourceTree = "<group>"; };
		FC982DA11EEAA98600C1C806 /* WebKit.framework */ = {isa = PBXFileReference; lastKnownFileType = wrapper.framework; name = WebKit.framework; path = System/Library/Frameworks/WebKit.framework; sourceTree = SDKROOT; };
		FC982DA31EEE385900C1C806 /* Webkit.html */ = {isa = PBXFileReference; fileEncoding = 4; lastKnownFileType = text.html; path = Webkit.html; sourceTree = "<group>"; };
		FC982DA51EEE71BD00C1C806 /* WKWebView+Interaction.h */ = {isa = PBXFileReference; fileEncoding = 4; lastKnownFileType = sourcecode.c.h; path = "WKWebView+Interaction.h"; sourceTree = "<group>"; };
		FC982DA61EEE71BD00C1C806 /* WKWebView+Interaction.m */ = {isa = PBXFileReference; fileEncoding = 4; lastKnownFileType = sourcecode.c.objc; path = "WKWebView+Interaction.m"; sourceTree = "<group>"; };
/* End PBXFileReference section */

/* Begin PBXFrameworksBuildPhase section */
		FC982D6B1EEA3E9800C1C806 /* Frameworks */ = {
			isa = PBXFrameworksBuildPhase;
			buildActionMask = 2147483647;
			files = (
				FC982DA21EEAA98600C1C806 /* WebKit.framework in Frameworks */,
				FC982D8A1EEA3EC700C1C806 /* JavaScriptCore.framework in Frameworks */,
			);
			runOnlyForDeploymentPostprocessing = 0;
		};
/* End PBXFrameworksBuildPhase section */

/* Begin PBXGroup section */
		FC982D651EEA3E9800C1C806 = {
			isa = PBXGroup;
			children = (
				FC982D701EEA3E9800C1C806 /* JSInteraction */,
				FC982D6F1EEA3E9800C1C806 /* Products */,
				FC982D881EEA3EC700C1C806 /* Frameworks */,
			);
			sourceTree = "<group>";
		};
		FC982D6F1EEA3E9800C1C806 /* Products */ = {
			isa = PBXGroup;
			children = (
				FC982D6E1EEA3E9800C1C806 /* JSInteraction.app */,
			);
			name = Products;
			sourceTree = "<group>";
		};
		FC982D701EEA3E9800C1C806 /* JSInteraction */ = {
			isa = PBXGroup;
			children = (
				FC982D741EEA3E9800C1C806 /* AppDelegate.h */,
				FC982D751EEA3E9800C1C806 /* AppDelegate.m */,
				FC982D771EEA3E9800C1C806 /* ViewController.h */,
				FC982D781EEA3E9800C1C806 /* ViewController.m */,
				FC982D941EEA711E00C1C806 /* UIWebView+Interaction.h */,
				FC982D951EEA711E00C1C806 /* UIWebView+Interaction.m */,
				FC982D8F1EEA506400C1C806 /* JavaScriptCore.html */,
				FC982D9C1EEAA7CA00C1C806 /* SecondViewController.h */,
				FC982D9D1EEAA7CA00C1C806 /* SecondViewController.m */,
				FC982DA51EEE71BD00C1C806 /* WKWebView+Interaction.h */,
				FC982DA61EEE71BD00C1C806 /* WKWebView+Interaction.m */,
				FC982DA31EEE385900C1C806 /* Webkit.html */,
				FC982D7A1EEA3E9800C1C806 /* Main.storyboard */,
				FC982D7D1EEA3E9800C1C806 /* Assets.xcassets */,
				FC982D7F1EEA3E9800C1C806 /* LaunchScreen.storyboard */,
				FC982D821EEA3E9800C1C806 /* Info.plist */,
				FC982D711EEA3E9800C1C806 /* Supporting Files */,
			);
			path = JSInteraction;
			sourceTree = "<group>";
		};
		FC982D711EEA3E9800C1C806 /* Supporting Files */ = {
			isa = PBXGroup;
			children = (
				FC982D721EEA3E9800C1C806 /* main.m */,
			);
			name = "Supporting Files";
			sourceTree = "<group>";
		};
		FC982D881EEA3EC700C1C806 /* Frameworks */ = {
			isa = PBXGroup;
			children = (
				FC982DA11EEAA98600C1C806 /* WebKit.framework */,
				FC982D891EEA3EC700C1C806 /* JavaScriptCore.framework */,
			);
			name = Frameworks;
			sourceTree = "<group>";
		};
/* End PBXGroup section */

/* Begin PBXNativeTarget section */
		FC982D6D1EEA3E9800C1C806 /* JSInteraction */ = {
			isa = PBXNativeTarget;
			buildConfigurationList = FC982D851EEA3E9800C1C806 /* Build configuration list for PBXNativeTarget "JSInteraction" */;
			buildPhases = (
				FC982D6A1EEA3E9800C1C806 /* Sources */,
				FC982D6B1EEA3E9800C1C806 /* Frameworks */,
				FC982D6C1EEA3E9800C1C806 /* Resources */,
			);
			buildRules = (
			);
			dependencies = (
			);
			name = JSInteraction;
			productName = JSInteraction;
			productReference = FC982D6E1EEA3E9800C1C806 /* JSInteraction.app */;
			productType = "com.apple.product-type.application";
		};
/* End PBXNativeTarget section */

/* Begin PBXProject section */
		FC982D661EEA3E9800C1C806 /* Project object */ = {
			isa = PBXProject;
			attributes = {
				LastUpgradeCheck = 0830;
				ORGANIZATIONNAME = zmz;
				TargetAttributes = {
					FC982D6D1EEA3E9800C1C806 = {
						CreatedOnToolsVersion = 8.3.3;
						DevelopmentTeam = YH6XM8252K;
						ProvisioningStyle = Automatic;
					};
				};
			};
			buildConfigurationList = FC982D691EEA3E9800C1C806 /* Build configuration list for PBXProject "JSInteraction" */;
			compatibilityVersion = "Xcode 3.2";
			developmentRegion = English;
			hasScannedForEncodings = 0;
			knownRegions = (
				en,
				Base,
			);
			mainGroup = FC982D651EEA3E9800C1C806;
			productRefGroup = FC982D6F1EEA3E9800C1C806 /* Products */;
			projectDirPath = "";
			projectRoot = "";
			targets = (
				FC982D6D1EEA3E9800C1C806 /* JSInteraction */,
			);
		};
/* End PBXProject section */

/* Begin PBXResourcesBuildPhase section */
		FC982D6C1EEA3E9800C1C806 /* Resources */ = {
			isa = PBXResourcesBuildPhase;
			buildActionMask = 2147483647;
			files = (
				FC982DA41EEE385900C1C806 /* Webkit.html in Resources */,
				FC982D901EEA506400C1C806 /* JavaScriptCore.html in Resources */,
				FC982D811EEA3E9800C1C806 /* LaunchScreen.storyboard in Resources */,
				FC982D7E1EEA3E9800C1C806 /* Assets.xcassets in Resources */,
				FC982D7C1EEA3E9800C1C806 /* Main.storyboard in Resources */,
			);
			runOnlyForDeploymentPostprocessing = 0;
		};
/* End PBXResourcesBuildPhase section */

/* Begin PBXSourcesBuildPhase section */
		FC982D6A1EEA3E9800C1C806 /* Sources */ = {
			isa = PBXSourcesBuildPhase;
			buildActionMask = 2147483647;
			files = (
				FC982D9F1EEAA7CA00C1C806 /* SecondViewController.m in Sources */,
				FC982D791EEA3E9800C1C806 /* ViewController.m in Sources */,
				FC982DA71EEE71BD00C1C806 /* WKWebView+Interaction.m in Sources */,
				FC982D961EEA711E00C1C806 /* UIWebView+Interaction.m in Sources */,
				FC982D761EEA3E9800C1C806 /* AppDelegate.m in Sources */,
				FC982D731EEA3E9800C1C806 /* main.m in Sources */,
			);
			runOnlyForDeploymentPostprocessing = 0;
		};
/* End PBXSourcesBuildPhase section */

/* Begin PBXVariantGroup section */
		FC982D7A1EEA3E9800C1C806 /* Main.storyboard */ = {
			isa = PBXVariantGroup;
			children = (
				FC982D7B1EEA3E9800C1C806 /* Base */,
			);
			name = Main.storyboard;
			sourceTree = "<group>";
		};
		FC982D7F1EEA3E9800C1C806 /* LaunchScreen.storyboard */ = {
			isa = PBXVariantGroup;
			children = (
				FC982D801EEA3E9800C1C806 /* Base */,
			);
			name = LaunchScreen.storyboard;
			sourceTree = "<group>";
		};
/* End PBXVariantGroup section */

/* Begin XCBuildConfiguration section */
		FC982D831EEA3E9800C1C806 /* Debug */ = {
			isa = XCBuildConfiguration;
			buildSettings = {
				ALWAYS_SEARCH_USER_PATHS = NO;
				CLANG_ANALYZER_NONNULL = YES;
				CLANG_ANALYZER_NUMBER_OBJECT_CONVERSION = YES_AGGRESSIVE;
				CLANG_CXX_LANGUAGE_STANDARD = "gnu++0x";
				CLANG_CXX_LIBRARY = "libc++";
				CLANG_ENABLE_MODULES = YES;
				CLANG_ENABLE_OBJC_ARC = YES;
				CLANG_WARN_BOOL_CONVERSION = YES;
				CLANG_WARN_CONSTANT_CONVERSION = YES;
				CLANG_WARN_DIRECT_OBJC_ISA_USAGE = YES_ERROR;
				CLANG_WARN_DOCUMENTATION_COMMENTS = YES;
				CLANG_WARN_EMPTY_BODY = YES;
				CLANG_WARN_ENUM_CONVERSION = YES;
				CLANG_WARN_INFINITE_RECURSION = YES;
				CLANG_WARN_INT_CONVERSION = YES;
				CLANG_WARN_OBJC_ROOT_CLASS = YES_ERROR;
				CLANG_WARN_SUSPICIOUS_MOVE = YES;
				CLANG_WARN_UNREACHABLE_CODE = YES;
				CLANG_WARN__DUPLICATE_METHOD_MATCH = YES;
				"CODE_SIGN_IDENTITY[sdk=iphoneos*]" = "iPhone Developer";
				COPY_PHASE_STRIP = NO;
				DEBUG_INFORMATION_FORMAT = dwarf;
				ENABLE_STRICT_OBJC_MSGSEND = YES;
				ENABLE_TESTABILITY = YES;
				GCC_C_LANGUAGE_STANDARD = gnu99;
				GCC_DYNAMIC_NO_PIC = NO;
				GCC_NO_COMMON_BLOCKS = YES;
				GCC_OPTIMIZATION_LEVEL = 0;
				GCC_PREPROCESSOR_DEFINITIONS = (
					"DEBUG=1",
					"$(inherited)",
				);
				GCC_WARN_64_TO_32_BIT_CONVERSION = YES;
				GCC_WARN_ABOUT_RETURN_TYPE = YES_ERROR;
				GCC_WARN_UNDECLARED_SELECTOR = YES;
				GCC_WARN_UNINITIALIZED_AUTOS = YES_AGGRESSIVE;
				GCC_WARN_UNUSED_FUNCTION = YES;
				GCC_WARN_UNUSED_VARIABLE = YES;
				IPHONEOS_DEPLOYMENT_TARGET = 10.3;
				MTL_ENABLE_DEBUG_INFO = YES;
				ONLY_ACTIVE_ARCH = YES;
				SDKROOT = iphoneos;
			};
			name = Debug;
		};
		FC982D841EEA3E9800C1C806 /* Release */ = {
			isa = XCBuildConfiguration;
			buildSettings = {
				ALWAYS_SEARCH_USER_PATHS = NO;
				CLANG_ANALYZER_NONNULL = YES;
				CLANG_ANALYZER_NUMBER_OBJECT_CONVERSION = YES_AGGRESSIVE;
				CLANG_CXX_LANGUAGE_STANDARD = "gnu++0x";
				CLANG_CXX_LIBRARY = "libc++";
				CLANG_ENABLE_MODULES = YES;
				CLANG_ENABLE_OBJC_ARC = YES;
				CLANG_WARN_BOOL_CONVERSION = YES;
				CLANG_WARN_CONSTANT_CONVERSION = YES;
				CLANG_WARN_DIRECT_OBJC_ISA_USAGE = YES_ERROR;
				CLANG_WARN_DOCUMENTATION_COMMENTS = YES;
				CLANG_WARN_EMPTY_BODY = YES;
				CLANG_WARN_ENUM_CONVERSION = YES;
				CLANG_WARN_INFINITE_RECURSION = YES;
				CLANG_WARN_INT_CONVERSION = YES;
				CLANG_WARN_OBJC_ROOT_CLASS = YES_ERROR;
				CLANG_WARN_SUSPICIOUS_MOVE = YES;
				CLANG_WARN_UNREACHABLE_CODE = YES;
				CLANG_WARN__DUPLICATE_METHOD_MATCH = YES;
				"CODE_SIGN_IDENTITY[sdk=iphoneos*]" = "iPhone Developer";
				COPY_PHASE_STRIP = NO;
				DEBUG_INFORMATION_FORMAT = "dwarf-with-dsym";
				ENABLE_NS_ASSERTIONS = NO;
				ENABLE_STRICT_OBJC_MSGSEND = YES;
				GCC_C_LANGUAGE_STANDARD = gnu99;
				GCC_NO_COMMON_BLOCKS = YES;
				GCC_WARN_64_TO_32_BIT_CONVERSION = YES;
				GCC_WARN_ABOUT_RETURN_TYPE = YES_ERROR;
				GCC_WARN_UNDECLARED_SELECTOR = YES;
				GCC_WARN_UNINITIALIZED_AUTOS = YES_AGGRESSIVE;
				GCC_WARN_UNUSED_FUNCTION = YES;
				GCC_WARN_UNUSED_VARIABLE = YES;
				IPHONEOS_DEPLOYMENT_TARGET = 10.3;
				MTL_ENABLE_DEBUG_INFO = NO;
				SDKROOT = iphoneos;
				VALIDATE_PRODUCT = YES;
			};
			name = Release;
		};
		FC982D861EEA3E9800C1C806 /* Debug */ = {
			isa = XCBuildConfiguration;
			buildSettings = {
				ASSETCATALOG_COMPILER_APPICON_NAME = AppIcon;
				DEVELOPMENT_TEAM = YH6XM8252K;
				INFOPLIST_FILE = JSInteraction/Info.plist;
				LD_RUNPATH_SEARCH_PATHS = "$(inherited) @executable_path/Frameworks";
				PRODUCT_BUNDLE_IDENTIFIER = aicai.JSInteraction;
				PRODUCT_NAME = "$(TARGET_NAME)";
			};
			name = Debug;
		};
		FC982D871EEA3E9800C1C806 /* Release */ = {
			isa = XCBuildConfiguration;
			buildSettings = {
				ASSETCATALOG_COMPILER_APPICON_NAME = AppIcon;
				DEVELOPMENT_TEAM = YH6XM8252K;
				INFOPLIST_FILE = JSInteraction/Info.plist;
				LD_RUNPATH_SEARCH_PATHS = "$(inherited) @executable_path/Frameworks";
				PRODUCT_BUNDLE_IDENTIFIER = aicai.JSInteraction;
				PRODUCT_NAME = "$(TARGET_NAME)";
			};
			name = Release;
		};
/* End XCBuildConfiguration section */

/* Begin XCConfigurationList section */
		FC982D691EEA3E9800C1C806 /* Build configuration list for PBXProject "JSInteraction" */ = {
			isa = XCConfigurationList;
			buildConfigurations = (
				FC982D831EEA3E9800C1C806 /* Debug */,
				FC982D841EEA3E9800C1C806 /* Release */,
			);
			defaultConfigurationIsVisible = 0;
			defaultConfigurationName = Release;
		};
		FC982D851EEA3E9800C1C806 /* Build configuration list for PBXNativeTarget "JSInteraction" */ = {
			isa = XCConfigurationList;
			buildConfigurations = (
				FC982D861EEA3E9800C1C806 /* Debug */,
				FC982D871EEA3E9800C1C806 /* Release */,
			);
			defaultConfigurationIsVisible = 0;
		};
/* End XCConfigurationList section */
	};
	rootObject = FC982D661EEA3E9800C1C806 /* Project object */;
}
